
Microsoft Visual Studio Solution File, Format Version 12.00
# Visual Studio for Mac
Project("{FAE04EC0-301F-11D3-BF4B-00C04F79EFBC}") = "MyDots", "Assembly-CSharp.csproj", "{88F16A08-F11F-3264-9EC9-11AF3C6268C2}"
EndProject
Global
	GlobalSection(SolutionConfigurationPlatforms) = preSolution
		Debug|Any CPU = Debug|Any CPU
		Release|Any CPU = Release|Any CPU
	EndGlobalSection
	GlobalSection(ProjectConfigurationPlatforms) = postSolution
		{88F16A08-F11F-3264-9EC9-11AF3C6268C2}.Debug|Any CPU.ActiveCfg = Debug|Any CPU
		{88F16A08-F11F-3264-9EC9-11AF3C6268C2}.Debug|Any CPU.Build.0 = Debug|Any CPU
		{88F16A08-F11F-3264-9EC9-11AF3C6268C2}.Release|Any CPU.ActiveCfg = Release|Any CPU
		{88F16A08-F11F-3264-9EC9-11AF3C6268C2}.Release|Any CPU.Build.0 = Release|Any CPU
	EndGlobalSection
	GlobalSection(SolutionProperties) = preSolution
		HideSolutionNode = FALSE
	EndGlobalSection
EndGlobal
